// !$*UTF8*$!
{
	archiveVersion = 1;
	classes = {
	};
	objectVersion = 48;
	objects = {

/* Begin PBXBuildFile section */
		A7C495A50A922E01D5D2E3C6 /* Pods_Parti.framework in Frameworks */ = {isa = PBXBuildFile; fileRef = 3E2AA48FD3092F9D304DAB2E /* Pods_Parti.framework */; };
		B1D90A9503ACE66E72E059F1 /* Pods_PartiTests.framework in Frameworks */ = {isa = PBXBuildFile; fileRef = 7A300D2D9A3CCEBA5C96809E /* Pods_PartiTests.framework */; };
		CE05EA44207443FE00886673 /* AddFriends.storyboard in Resources */ = {isa = PBXBuildFile; fileRef = CE05EA43207443FE00886673 /* AddFriends.storyboard */; };
		CE05EA462075A52200886673 /* MusicList.storyboard in Resources */ = {isa = PBXBuildFile; fileRef = CE05EA452075A52200886673 /* MusicList.storyboard */; };
		CE09DC56205C657C0097806D /* ProfileViewController.swift in Sources */ = {isa = PBXBuildFile; fileRef = CE09DC55205C657C0097806D /* ProfileViewController.swift */; };
		CE09DC5C205C66410097806D /* ProfileModel.swift in Sources */ = {isa = PBXBuildFile; fileRef = CE09DC5B205C66410097806D /* ProfileModel.swift */; };
		CE1189612051DF8400A0AD49 /* PartyListViewController.swift in Sources */ = {isa = PBXBuildFile; fileRef = F9A651A5204B9CA0007792E6 /* PartyListViewController.swift */; };
		CE1189632051E00300A0AD49 /* PartyModel.swift in Sources */ = {isa = PBXBuildFile; fileRef = CE1189622051E00300A0AD49 /* PartyModel.swift */; };
		CE1C754720631568009A5914 /* ProfileCreationViewController.swift in Sources */ = {isa = PBXBuildFile; fileRef = CE1C754620631568009A5914 /* ProfileCreationViewController.swift */; };
		CE2281FC206B512A00039578 /* EditProfile.storyboard in Resources */ = {isa = PBXBuildFile; fileRef = CE2281FB206B512A00039578 /* EditProfile.storyboard */; };
		CE228200206B57A200039578 /* EditProfileViewController.swift in Sources */ = {isa = PBXBuildFile; fileRef = CE2281FF206B57A200039578 /* EditProfileViewController.swift */; };
		CE2ED8672065B65E00CFDEE3 /* CreateFoodListViewController.swift in Sources */ = {isa = PBXBuildFile; fileRef = CE2ED8662065B65E00CFDEE3 /* CreateFoodListViewController.swift */; };
		CE31AB9F205F17ED00171BD1 /* CreatePartyViewController.swift in Sources */ = {isa = PBXBuildFile; fileRef = CE31AB9E205F17ED00171BD1 /* CreatePartyViewController.swift */; };
		CE3E0DB12061E0980098F435 /* PartyPageViewController.swift in Sources */ = {isa = PBXBuildFile; fileRef = CE3E0DB02061E0980098F435 /* PartyPageViewController.swift */; };
		CE583937207832C6006D67E9 /* SF-Pro-Display-Black.otf in Resources */ = {isa = PBXBuildFile; fileRef = CE58393220783297006D67E9 /* SF-Pro-Display-Black.otf */; };
		CE583938207832F4006D67E9 /* SF-Pro-Display-BlackItalic.otf in Resources */ = {isa = PBXBuildFile; fileRef = CE58392720783296006D67E9 /* SF-Pro-Display-BlackItalic.otf */; };
		CE583939207832F4006D67E9 /* SF-Pro-Display-Bold.otf in Resources */ = {isa = PBXBuildFile; fileRef = CE58393020783297006D67E9 /* SF-Pro-Display-Bold.otf */; };
		CE58393A207832F4006D67E9 /* SF-Pro-Display-BoldItalic.otf in Resources */ = {isa = PBXBuildFile; fileRef = CE58391C20783294006D67E9 /* SF-Pro-Display-BoldItalic.otf */; };
		CE58393B207832F4006D67E9 /* SF-Pro-Display-Heavy.otf in Resources */ = {isa = PBXBuildFile; fileRef = CE58391920783293006D67E9 /* SF-Pro-Display-Heavy.otf */; };
		CE58393C207832F4006D67E9 /* SF-Pro-Display-HeavyItalic.otf in Resources */ = {isa = PBXBuildFile; fileRef = CE58392120783295006D67E9 /* SF-Pro-Display-HeavyItalic.otf */; };
		CE58393D207832F4006D67E9 /* SF-Pro-Display-Light.otf in Resources */ = {isa = PBXBuildFile; fileRef = CE58391D20783294006D67E9 /* SF-Pro-Display-Light.otf */; };
		CE58393E207832F4006D67E9 /* SF-Pro-Display-LightItalic.otf in Resources */ = {isa = PBXBuildFile; fileRef = CE58392E20783297006D67E9 /* SF-Pro-Display-LightItalic.otf */; };
		CE58393F207832F4006D67E9 /* SF-Pro-Display-Medium.otf in Resources */ = {isa = PBXBuildFile; fileRef = CE58393420783298006D67E9 /* SF-Pro-Display-Medium.otf */; };
		CE583940207832F4006D67E9 /* SF-Pro-Display-MediumItalic.otf in Resources */ = {isa = PBXBuildFile; fileRef = CE58392F20783297006D67E9 /* SF-Pro-Display-MediumItalic.otf */; };
		CE583941207832F4006D67E9 /* SF-Pro-Display-Regular.otf in Resources */ = {isa = PBXBuildFile; fileRef = CE58392320783295006D67E9 /* SF-Pro-Display-Regular.otf */; };
		CE583942207832F4006D67E9 /* SF-Pro-Display-RegularItalic.otf in Resources */ = {isa = PBXBuildFile; fileRef = CE58391F20783295006D67E9 /* SF-Pro-Display-RegularItalic.otf */; };
		CE583943207832F4006D67E9 /* SF-Pro-Display-Semibold.otf in Resources */ = {isa = PBXBuildFile; fileRef = CE58392B20783296006D67E9 /* SF-Pro-Display-Semibold.otf */; };
		CE583944207832F4006D67E9 /* SF-Pro-Display-SemiboldItalic.otf in Resources */ = {isa = PBXBuildFile; fileRef = CE58392420783295006D67E9 /* SF-Pro-Display-SemiboldItalic.otf */; };
		CE583945207832F4006D67E9 /* SF-Pro-Display-Thin.otf in Resources */ = {isa = PBXBuildFile; fileRef = CE58392520783295006D67E9 /* SF-Pro-Display-Thin.otf */; };
		CE583946207832F4006D67E9 /* SF-Pro-Display-ThinItalic.otf in Resources */ = {isa = PBXBuildFile; fileRef = CE58391B20783294006D67E9 /* SF-Pro-Display-ThinItalic.otf */; };
		CE583947207832F4006D67E9 /* SF-Pro-Display-Ultralight.otf in Resources */ = {isa = PBXBuildFile; fileRef = CE58393520783298006D67E9 /* SF-Pro-Display-Ultralight.otf */; };
		CE583948207832F4006D67E9 /* SF-Pro-Display-UltralightItalic.otf in Resources */ = {isa = PBXBuildFile; fileRef = CE58392220783295006D67E9 /* SF-Pro-Display-UltralightItalic.otf */; };
		CE583949207832F4006D67E9 /* SF-Pro-Text-Bold.otf in Resources */ = {isa = PBXBuildFile; fileRef = CE58392D20783296006D67E9 /* SF-Pro-Text-Bold.otf */; };
		CE58394A207832F4006D67E9 /* SF-Pro-Text-BoldItalic.otf in Resources */ = {isa = PBXBuildFile; fileRef = CE58393620783298006D67E9 /* SF-Pro-Text-BoldItalic.otf */; };
		CE58394B207832F4006D67E9 /* SF-Pro-Text-Heavy.otf in Resources */ = {isa = PBXBuildFile; fileRef = CE58393320783298006D67E9 /* SF-Pro-Text-Heavy.otf */; };
		CE58394C207832F4006D67E9 /* SF-Pro-Text-HeavyItalic.otf in Resources */ = {isa = PBXBuildFile; fileRef = CE58392C20783296006D67E9 /* SF-Pro-Text-HeavyItalic.otf */; };
		CE58394D207832F4006D67E9 /* SF-Pro-Text-Light.otf in Resources */ = {isa = PBXBuildFile; fileRef = CE58392820783296006D67E9 /* SF-Pro-Text-Light.otf */; };
		CE58394E207832F4006D67E9 /* SF-Pro-Text-LightItalic.otf in Resources */ = {isa = PBXBuildFile; fileRef = CE58393120783297006D67E9 /* SF-Pro-Text-LightItalic.otf */; };
		CE58394F207832F4006D67E9 /* SF-Pro-Text-Medium.otf in Resources */ = {isa = PBXBuildFile; fileRef = CE58392620783295006D67E9 /* SF-Pro-Text-Medium.otf */; };
		CE583950207832F4006D67E9 /* SF-Pro-Text-MediumItalic.otf in Resources */ = {isa = PBXBuildFile; fileRef = CE58391E20783294006D67E9 /* SF-Pro-Text-MediumItalic.otf */; };
		CE583951207832F4006D67E9 /* SF-Pro-Text-Regular.otf in Resources */ = {isa = PBXBuildFile; fileRef = CE58391A20783294006D67E9 /* SF-Pro-Text-Regular.otf */; };
		CE583952207832F4006D67E9 /* SF-Pro-Text-RegularItalic.otf in Resources */ = {isa = PBXBuildFile; fileRef = CE58392920783296006D67E9 /* SF-Pro-Text-RegularItalic.otf */; };
		CE583953207832F4006D67E9 /* SF-Pro-Text-Semibold.otf in Resources */ = {isa = PBXBuildFile; fileRef = CE58392020783295006D67E9 /* SF-Pro-Text-Semibold.otf */; };
		CE583954207832F4006D67E9 /* SF-Pro-Text-SemiboldItalic.otf in Resources */ = {isa = PBXBuildFile; fileRef = CE58392A20783296006D67E9 /* SF-Pro-Text-SemiboldItalic.otf */; };
		CE5ED8CC205DECAF00F6174F /* StoreKit.framework in Frameworks */ = {isa = PBXBuildFile; fileRef = CE5ED8CB205DECAF00F6174F /* StoreKit.framework */; };
		CE5ED8CE205DEE2100F6174F /* MediaPlayer.framework in Frameworks */ = {isa = PBXBuildFile; fileRef = CE5ED8CD205DEE2100F6174F /* MediaPlayer.framework */; };
		CE5ED8D4205ED25D00F6174F /* AVFoundation.framework in Frameworks */ = {isa = PBXBuildFile; fileRef = CE5ED8D3205ED25D00F6174F /* AVFoundation.framework */; };
		CE5ED8D6205ED26D00F6174F /* SystemConfiguration.framework in Frameworks */ = {isa = PBXBuildFile; fileRef = CE5ED8D5205ED26D00F6174F /* SystemConfiguration.framework */; };
		CE6CD6832047092D00BC3DD3 /* FoodListViewController.swift in Sources */ = {isa = PBXBuildFile; fileRef = CE6CD6822047092D00BC3DD3 /* FoodListViewController.swift */; };
		CE6CD68520470C3C00BC3DD3 /* Podfile in Resources */ = {isa = PBXBuildFile; fileRef = CE6CD68420470C3C00BC3DD3 /* Podfile */; };
		CE83FF602067EDB400542092 /* AddGuestsViewController.swift in Sources */ = {isa = PBXBuildFile; fileRef = CE83FF5F2067EDB400542092 /* AddGuestsViewController.swift */; };
		CEAB8B6720644885005AD748 /* AddFriendsViewController.swift in Sources */ = {isa = PBXBuildFile; fileRef = CEAB8B6520644885005AD748 /* AddFriendsViewController.swift */; };
		CEAB8B6820644885005AD748 /* AddFriendTableViewCell.swift in Sources */ = {isa = PBXBuildFile; fileRef = CEAB8B6620644885005AD748 /* AddFriendTableViewCell.swift */; };
		CEB33EF5205F456100F49918 /* GuestTableViewCell.swift in Sources */ = {isa = PBXBuildFile; fileRef = CEB33EF4205F456100F49918 /* GuestTableViewCell.swift */; };
		CEB33EF7205F464400F49918 /* GuestListViewController.swift in Sources */ = {isa = PBXBuildFile; fileRef = CEB33EF6205F464400F49918 /* GuestListViewController.swift */; };
		CEC9303320713938005C13E5 /* EditPartyPage.storyboard in Resources */ = {isa = PBXBuildFile; fileRef = CEC9303220713938005C13E5 /* EditPartyPage.storyboard */; };
		CEC9303720713EAB005C13E5 /* EditPartyViewController.swift in Sources */ = {isa = PBXBuildFile; fileRef = CEC9303620713EAB005C13E5 /* EditPartyViewController.swift */; };
		CECC3CAE2075AB25009148A6 /* MusicListViewController.swift in Sources */ = {isa = PBXBuildFile; fileRef = CECC3CAD2075AB25009148A6 /* MusicListViewController.swift */; };
		CECC3CB220768A75009148A6 /* MusicModel.swift in Sources */ = {isa = PBXBuildFile; fileRef = CECC3CB120768A75009148A6 /* MusicModel.swift */; };
		CECC3CB42076900E009148A6 /* MusicTableViewCell.swift in Sources */ = {isa = PBXBuildFile; fileRef = CECC3CB32076900E009148A6 /* MusicTableViewCell.swift */; };
		CECC3CBA207693E8009148A6 /* MusicTempViewController.swift in Sources */ = {isa = PBXBuildFile; fileRef = CECC3CB9207693E8009148A6 /* MusicTempViewController.swift */; };
		CECC3CBD2077B93D009148A6 /* PartyFoodListViewController.swift in Sources */ = {isa = PBXBuildFile; fileRef = CECC3CBC2077B93D009148A6 /* PartyFoodListViewController.swift */; };
		CECC3CBF2077B974009148A6 /* PartyFoodList.storyboard in Resources */ = {isa = PBXBuildFile; fileRef = CECC3CBE2077B974009148A6 /* PartyFoodList.storyboard */; };
		CECC3CC32077BC11009148A6 /* PartyFoodCell.swift in Sources */ = {isa = PBXBuildFile; fileRef = CECC3CC22077BC11009148A6 /* PartyFoodCell.swift */; };
		CEEED9C8206DF5B800A45426 /* OtherUserProfile.swift in Sources */ = {isa = PBXBuildFile; fileRef = CEEED9C7206DF5B800A45426 /* OtherUserProfile.swift */; };
		CEF18A42204B74F8003071C5 /* SecondMain.storyboard in Resources */ = {isa = PBXBuildFile; fileRef = CEF18A40204B74F8003071C5 /* SecondMain.storyboard */; };
		CEF4EB622066D0EF009387CB /* CreateFriendListViewController.swift in Sources */ = {isa = PBXBuildFile; fileRef = CEF4EB612066D0EF009387CB /* CreateFriendListViewController.swift */; };
		CEF9D5882079450700DA505C /* HairlineViewHorizontal.swift in Sources */ = {isa = PBXBuildFile; fileRef = CEF9D5872079450600DA505C /* HairlineViewHorizontal.swift */; };
		F90031B82031F4F300B9FA75 /* GoogleService-Info.plist in Resources */ = {isa = PBXBuildFile; fileRef = F90031B72031F4F300B9FA75 /* GoogleService-Info.plist */; };
		F90E780F206EB474007C5302 /* ProfileView.storyboard in Resources */ = {isa = PBXBuildFile; fileRef = F90E780E206EB473007C5302 /* ProfileView.storyboard */; };
		F90E7811206ECEDB007C5302 /* AddGuestsToPartyViewController.swift in Sources */ = {isa = PBXBuildFile; fileRef = F90E7810206ECEDB007C5302 /* AddGuestsToPartyViewController.swift */; };
		F90E7813206ECFB4007C5302 /* AddGuestsToParty.storyboard in Resources */ = {isa = PBXBuildFile; fileRef = F90E7812206ECFB4007C5302 /* AddGuestsToParty.storyboard */; };
		F90E7815206ED4F3007C5302 /* AddGuestsTableViewCell.swift in Sources */ = {isa = PBXBuildFile; fileRef = F90E7814206ED4F3007C5302 /* AddGuestsTableViewCell.swift */; };
		F9338584206941210080C59F /* PartyHostViewController.swift in Sources */ = {isa = PBXBuildFile; fileRef = F9338583206941210080C59F /* PartyHostViewController.swift */; };
		F9620A8C2069CC270099BABA /* HostingPartyTableViewCell.swift in Sources */ = {isa = PBXBuildFile; fileRef = F9620A8B2069CC270099BABA /* HostingPartyTableViewCell.swift */; };
		F9620A8E206AB9770099BABA /* CreateAccountViewController.swift in Sources */ = {isa = PBXBuildFile; fileRef = F9620A8D206AB9770099BABA /* CreateAccountViewController.swift */; };
		F98083392020E98C00CB91C0 /* AppDelegate.swift in Sources */ = {isa = PBXBuildFile; fileRef = F98083382020E98C00CB91C0 /* AppDelegate.swift */; };
		F980833B2020E98C00CB91C0 /* ViewController.swift in Sources */ = {isa = PBXBuildFile; fileRef = F980833A2020E98C00CB91C0 /* ViewController.swift */; };
		F98083412020E98C00CB91C0 /* Parti.xcdatamodeld in Sources */ = {isa = PBXBuildFile; fileRef = F980833F2020E98C00CB91C0 /* Parti.xcdatamodeld */; };
		F98083432020E98C00CB91C0 /* Assets.xcassets in Resources */ = {isa = PBXBuildFile; fileRef = F98083422020E98C00CB91C0 /* Assets.xcassets */; };
		F98083462020E98C00CB91C0 /* LaunchScreen.storyboard in Resources */ = {isa = PBXBuildFile; fileRef = F98083442020E98C00CB91C0 /* LaunchScreen.storyboard */; };
		F98083512020E98C00CB91C0 /* PartiTests.swift in Sources */ = {isa = PBXBuildFile; fileRef = F98083502020E98C00CB91C0 /* PartiTests.swift */; };
		F9A651A8204B9E57007792E6 /* AttendingPartyTableViewCell.swift in Sources */ = {isa = PBXBuildFile; fileRef = F9A651A7204B9E57007792E6 /* AttendingPartyTableViewCell.swift */; };
		F9B245C12066EB3D0015F277 /* Main.storyboard in Resources */ = {isa = PBXBuildFile; fileRef = F9B245C02066EB3D0015F277 /* Main.storyboard */; };
/* End PBXBuildFile section */

/* Begin PBXContainerItemProxy section */
		F980834D2020E98C00CB91C0 /* PBXContainerItemProxy */ = {
			isa = PBXContainerItemProxy;
			containerPortal = F980832D2020E98C00CB91C0 /* Project object */;
			proxyType = 1;
			remoteGlobalIDString = F98083342020E98C00CB91C0;
			remoteInfo = Parti;
		};
/* End PBXContainerItemProxy section */

/* Begin PBXFileReference section */
		06CC7C2D71A73E804E5E1838 /* Pods-Parti.debug.xcconfig */ = {isa = PBXFileReference; includeInIndex = 1; lastKnownFileType = text.xcconfig; name = "Pods-Parti.debug.xcconfig"; path = "Pods/Target Support Files/Pods-Parti/Pods-Parti.debug.xcconfig"; sourceTree = "<group>"; };
		3E2AA48FD3092F9D304DAB2E /* Pods_Parti.framework */ = {isa = PBXFileReference; explicitFileType = wrapper.framework; includeInIndex = 0; path = Pods_Parti.framework; sourceTree = BUILT_PRODUCTS_DIR; };
		5EF3DEFE9834BBE3B127C505 /* Pods-PartiTests.release.xcconfig */ = {isa = PBXFileReference; includeInIndex = 1; lastKnownFileType = text.xcconfig; name = "Pods-PartiTests.release.xcconfig"; path = "Pods/Target Support Files/Pods-PartiTests/Pods-PartiTests.release.xcconfig"; sourceTree = "<group>"; };
		7A300D2D9A3CCEBA5C96809E /* Pods_PartiTests.framework */ = {isa = PBXFileReference; explicitFileType = wrapper.framework; includeInIndex = 0; path = Pods_PartiTests.framework; sourceTree = BUILT_PRODUCTS_DIR; };
		A8B986416237F7F05208156B /* Pods-Parti.release.xcconfig */ = {isa = PBXFileReference; includeInIndex = 1; lastKnownFileType = text.xcconfig; name = "Pods-Parti.release.xcconfig"; path = "Pods/Target Support Files/Pods-Parti/Pods-Parti.release.xcconfig"; sourceTree = "<group>"; };
		AD3F24396C751F1E6C4D8A77 /* Pods-PartiTests.debug.xcconfig */ = {isa = PBXFileReference; includeInIndex = 1; lastKnownFileType = text.xcconfig; name = "Pods-PartiTests.debug.xcconfig"; path = "Pods/Target Support Files/Pods-PartiTests/Pods-PartiTests.debug.xcconfig"; sourceTree = "<group>"; };
		CE05EA43207443FE00886673 /* AddFriends.storyboard */ = {isa = PBXFileReference; lastKnownFileType = file.storyboard; path = AddFriends.storyboard; sourceTree = "<group>"; };
		CE05EA452075A52200886673 /* MusicList.storyboard */ = {isa = PBXFileReference; lastKnownFileType = file.storyboard; path = MusicList.storyboard; sourceTree = "<group>"; };
		CE09DC55205C657C0097806D /* ProfileViewController.swift */ = {isa = PBXFileReference; lastKnownFileType = sourcecode.swift; path = ProfileViewController.swift; sourceTree = "<group>"; };
		CE09DC5B205C66410097806D /* ProfileModel.swift */ = {isa = PBXFileReference; lastKnownFileType = sourcecode.swift; path = ProfileModel.swift; sourceTree = "<group>"; };
		CE1189622051E00300A0AD49 /* PartyModel.swift */ = {isa = PBXFileReference; lastKnownFileType = sourcecode.swift; path = PartyModel.swift; sourceTree = "<group>"; };
		CE1C754620631568009A5914 /* ProfileCreationViewController.swift */ = {isa = PBXFileReference; lastKnownFileType = sourcecode.swift; path = ProfileCreationViewController.swift; sourceTree = "<group>"; };
		CE2281FB206B512A00039578 /* EditProfile.storyboard */ = {isa = PBXFileReference; lastKnownFileType = file.storyboard; path = EditProfile.storyboard; sourceTree = "<group>"; };
		CE2281FF206B57A200039578 /* EditProfileViewController.swift */ = {isa = PBXFileReference; fileEncoding = 4; lastKnownFileType = sourcecode.swift; path = EditProfileViewController.swift; sourceTree = "<group>"; };
		CE2ED8662065B65E00CFDEE3 /* CreateFoodListViewController.swift */ = {isa = PBXFileReference; fileEncoding = 4; lastKnownFileType = sourcecode.swift; path = CreateFoodListViewController.swift; sourceTree = "<group>"; };
		CE31AB9E205F17ED00171BD1 /* CreatePartyViewController.swift */ = {isa = PBXFileReference; fileEncoding = 4; lastKnownFileType = sourcecode.swift; path = CreatePartyViewController.swift; sourceTree = "<group>"; };
		CE3E0DB02061E0980098F435 /* PartyPageViewController.swift */ = {isa = PBXFileReference; fileEncoding = 4; lastKnownFileType = sourcecode.swift; path = PartyPageViewController.swift; sourceTree = "<group>"; };
		CE58391920783293006D67E9 /* SF-Pro-Display-Heavy.otf */ = {isa = PBXFileReference; lastKnownFileType = file; path = "SF-Pro-Display-Heavy.otf"; sourceTree = "<group>"; };
		CE58391A20783294006D67E9 /* SF-Pro-Text-Regular.otf */ = {isa = PBXFileReference; lastKnownFileType = file; path = "SF-Pro-Text-Regular.otf"; sourceTree = "<group>"; };
		CE58391B20783294006D67E9 /* SF-Pro-Display-ThinItalic.otf */ = {isa = PBXFileReference; lastKnownFileType = file; path = "SF-Pro-Display-ThinItalic.otf"; sourceTree = "<group>"; };
		CE58391C20783294006D67E9 /* SF-Pro-Display-BoldItalic.otf */ = {isa = PBXFileReference; lastKnownFileType = file; path = "SF-Pro-Display-BoldItalic.otf"; sourceTree = "<group>"; };
		CE58391D20783294006D67E9 /* SF-Pro-Display-Light.otf */ = {isa = PBXFileReference; lastKnownFileType = file; path = "SF-Pro-Display-Light.otf"; sourceTree = "<group>"; };
		CE58391E20783294006D67E9 /* SF-Pro-Text-MediumItalic.otf */ = {isa = PBXFileReference; lastKnownFileType = file; path = "SF-Pro-Text-MediumItalic.otf"; sourceTree = "<group>"; };
		CE58391F20783295006D67E9 /* SF-Pro-Display-RegularItalic.otf */ = {isa = PBXFileReference; lastKnownFileType = file; path = "SF-Pro-Display-RegularItalic.otf"; sourceTree = "<group>"; };
		CE58392020783295006D67E9 /* SF-Pro-Text-Semibold.otf */ = {isa = PBXFileReference; lastKnownFileType = file; path = "SF-Pro-Text-Semibold.otf"; sourceTree = "<group>"; };
		CE58392120783295006D67E9 /* SF-Pro-Display-HeavyItalic.otf */ = {isa = PBXFileReference; lastKnownFileType = file; path = "SF-Pro-Display-HeavyItalic.otf"; sourceTree = "<group>"; };
		CE58392220783295006D67E9 /* SF-Pro-Display-UltralightItalic.otf */ = {isa = PBXFileReference; lastKnownFileType = file; path = "SF-Pro-Display-UltralightItalic.otf"; sourceTree = "<group>"; };
		CE58392320783295006D67E9 /* SF-Pro-Display-Regular.otf */ = {isa = PBXFileReference; lastKnownFileType = file; path = "SF-Pro-Display-Regular.otf"; sourceTree = "<group>"; };
		CE58392420783295006D67E9 /* SF-Pro-Display-SemiboldItalic.otf */ = {isa = PBXFileReference; lastKnownFileType = file; path = "SF-Pro-Display-SemiboldItalic.otf"; sourceTree = "<group>"; };
		CE58392520783295006D67E9 /* SF-Pro-Display-Thin.otf */ = {isa = PBXFileReference; lastKnownFileType = file; path = "SF-Pro-Display-Thin.otf"; sourceTree = "<group>"; };
		CE58392620783295006D67E9 /* SF-Pro-Text-Medium.otf */ = {isa = PBXFileReference; lastKnownFileType = file; path = "SF-Pro-Text-Medium.otf"; sourceTree = "<group>"; };
		CE58392720783296006D67E9 /* SF-Pro-Display-BlackItalic.otf */ = {isa = PBXFileReference; lastKnownFileType = file; path = "SF-Pro-Display-BlackItalic.otf"; sourceTree = "<group>"; };
		CE58392820783296006D67E9 /* SF-Pro-Text-Light.otf */ = {isa = PBXFileReference; lastKnownFileType = file; path = "SF-Pro-Text-Light.otf"; sourceTree = "<group>"; };
		CE58392920783296006D67E9 /* SF-Pro-Text-RegularItalic.otf */ = {isa = PBXFileReference; lastKnownFileType = file; path = "SF-Pro-Text-RegularItalic.otf"; sourceTree = "<group>"; };
		CE58392A20783296006D67E9 /* SF-Pro-Text-SemiboldItalic.otf */ = {isa = PBXFileReference; lastKnownFileType = file; path = "SF-Pro-Text-SemiboldItalic.otf"; sourceTree = "<group>"; };
		CE58392B20783296006D67E9 /* SF-Pro-Display-Semibold.otf */ = {isa = PBXFileReference; lastKnownFileType = file; path = "SF-Pro-Display-Semibold.otf"; sourceTree = "<group>"; };
		CE58392C20783296006D67E9 /* SF-Pro-Text-HeavyItalic.otf */ = {isa = PBXFileReference; lastKnownFileType = file; path = "SF-Pro-Text-HeavyItalic.otf"; sourceTree = "<group>"; };
		CE58392D20783296006D67E9 /* SF-Pro-Text-Bold.otf */ = {isa = PBXFileReference; lastKnownFileType = file; path = "SF-Pro-Text-Bold.otf"; sourceTree = "<group>"; };
		CE58392E20783297006D67E9 /* SF-Pro-Display-LightItalic.otf */ = {isa = PBXFileReference; lastKnownFileType = file; path = "SF-Pro-Display-LightItalic.otf"; sourceTree = "<group>"; };
		CE58392F20783297006D67E9 /* SF-Pro-Display-MediumItalic.otf */ = {isa = PBXFileReference; lastKnownFileType = file; path = "SF-Pro-Display-MediumItalic.otf"; sourceTree = "<group>"; };
		CE58393020783297006D67E9 /* SF-Pro-Display-Bold.otf */ = {isa = PBXFileReference; lastKnownFileType = file; path = "SF-Pro-Display-Bold.otf"; sourceTree = "<group>"; };
		CE58393120783297006D67E9 /* SF-Pro-Text-LightItalic.otf */ = {isa = PBXFileReference; lastKnownFileType = file; path = "SF-Pro-Text-LightItalic.otf"; sourceTree = "<group>"; };
		CE58393220783297006D67E9 /* SF-Pro-Display-Black.otf */ = {isa = PBXFileReference; lastKnownFileType = file; path = "SF-Pro-Display-Black.otf"; sourceTree = "<group>"; };
		CE58393320783298006D67E9 /* SF-Pro-Text-Heavy.otf */ = {isa = PBXFileReference; lastKnownFileType = file; path = "SF-Pro-Text-Heavy.otf"; sourceTree = "<group>"; };
		CE58393420783298006D67E9 /* SF-Pro-Display-Medium.otf */ = {isa = PBXFileReference; lastKnownFileType = file; path = "SF-Pro-Display-Medium.otf"; sourceTree = "<group>"; };
		CE58393520783298006D67E9 /* SF-Pro-Display-Ultralight.otf */ = {isa = PBXFileReference; lastKnownFileType = file; path = "SF-Pro-Display-Ultralight.otf"; sourceTree = "<group>"; };
		CE58393620783298006D67E9 /* SF-Pro-Text-BoldItalic.otf */ = {isa = PBXFileReference; lastKnownFileType = file; path = "SF-Pro-Text-BoldItalic.otf"; sourceTree = "<group>"; };
		CE5ED8CB205DECAF00F6174F /* StoreKit.framework */ = {isa = PBXFileReference; lastKnownFileType = wrapper.framework; name = StoreKit.framework; path = System/Library/Frameworks/StoreKit.framework; sourceTree = SDKROOT; };
		CE5ED8CD205DEE2100F6174F /* MediaPlayer.framework */ = {isa = PBXFileReference; lastKnownFileType = wrapper.framework; name = MediaPlayer.framework; path = System/Library/Frameworks/MediaPlayer.framework; sourceTree = SDKROOT; };
		CE5ED8D3205ED25D00F6174F /* AVFoundation.framework */ = {isa = PBXFileReference; lastKnownFileType = wrapper.framework; name = AVFoundation.framework; path = System/Library/Frameworks/AVFoundation.framework; sourceTree = SDKROOT; };
		CE5ED8D5205ED26D00F6174F /* SystemConfiguration.framework */ = {isa = PBXFileReference; lastKnownFileType = wrapper.framework; name = SystemConfiguration.framework; path = System/Library/Frameworks/SystemConfiguration.framework; sourceTree = SDKROOT; };
		CE6CD6822047092D00BC3DD3 /* FoodListViewController.swift */ = {isa = PBXFileReference; lastKnownFileType = sourcecode.swift; path = FoodListViewController.swift; sourceTree = "<group>"; };
		CE6CD68420470C3C00BC3DD3 /* Podfile */ = {isa = PBXFileReference; fileEncoding = 4; lastKnownFileType = text; path = Podfile; sourceTree = "<group>"; };
		CE83FF5F2067EDB400542092 /* AddGuestsViewController.swift */ = {isa = PBXFileReference; lastKnownFileType = sourcecode.swift; path = AddGuestsViewController.swift; sourceTree = "<group>"; };
		CEA81F35205F034C00D48895 /* SpotifyMetadata.framework */ = {isa = PBXFileReference; lastKnownFileType = wrapper.framework; name = SpotifyMetadata.framework; path = System/Library/Frameworks/SpotifyMetadata.framework; sourceTree = SDKROOT; };
		CEA81F36205F034C00D48895 /* SpotifyAudioPlayback.framework */ = {isa = PBXFileReference; lastKnownFileType = wrapper.framework; name = SpotifyAudioPlayback.framework; path = System/Library/Frameworks/SpotifyAudioPlayback.framework; sourceTree = SDKROOT; };
		CEA81F37205F034C00D48895 /* SpotifyAuthentication.framework */ = {isa = PBXFileReference; lastKnownFileType = wrapper.framework; name = SpotifyAuthentication.framework; path = System/Library/Frameworks/SpotifyAuthentication.framework; sourceTree = SDKROOT; };
		CEAB8B6520644885005AD748 /* AddFriendsViewController.swift */ = {isa = PBXFileReference; fileEncoding = 4; lastKnownFileType = sourcecode.swift; path = AddFriendsViewController.swift; sourceTree = "<group>"; };
		CEAB8B6620644885005AD748 /* AddFriendTableViewCell.swift */ = {isa = PBXFileReference; fileEncoding = 4; lastKnownFileType = sourcecode.swift; path = AddFriendTableViewCell.swift; sourceTree = "<group>"; };
		CEB33EF4205F456100F49918 /* GuestTableViewCell.swift */ = {isa = PBXFileReference; fileEncoding = 4; lastKnownFileType = sourcecode.swift; path = GuestTableViewCell.swift; sourceTree = "<group>"; };
		CEB33EF6205F464400F49918 /* GuestListViewController.swift */ = {isa = PBXFileReference; fileEncoding = 4; lastKnownFileType = sourcecode.swift; path = GuestListViewController.swift; sourceTree = "<group>"; };
		CEC9303220713938005C13E5 /* EditPartyPage.storyboard */ = {isa = PBXFileReference; lastKnownFileType = file.storyboard; path = EditPartyPage.storyboard; sourceTree = "<group>"; };
		CEC9303620713EAB005C13E5 /* EditPartyViewController.swift */ = {isa = PBXFileReference; fileEncoding = 4; lastKnownFileType = sourcecode.swift; path = EditPartyViewController.swift; sourceTree = "<group>"; };
		CECC3CAD2075AB25009148A6 /* MusicListViewController.swift */ = {isa = PBXFileReference; lastKnownFileType = sourcecode.swift; path = MusicListViewController.swift; sourceTree = "<group>"; };
		CECC3CB120768A75009148A6 /* MusicModel.swift */ = {isa = PBXFileReference; lastKnownFileType = sourcecode.swift; path = MusicModel.swift; sourceTree = "<group>"; };
		CECC3CB32076900E009148A6 /* MusicTableViewCell.swift */ = {isa = PBXFileReference; fileEncoding = 4; lastKnownFileType = sourcecode.swift; path = MusicTableViewCell.swift; sourceTree = "<group>"; };
		CECC3CB9207693E8009148A6 /* MusicTempViewController.swift */ = {isa = PBXFileReference; fileEncoding = 4; lastKnownFileType = sourcecode.swift; path = MusicTempViewController.swift; sourceTree = "<group>"; };
		CECC3CBC2077B93D009148A6 /* PartyFoodListViewController.swift */ = {isa = PBXFileReference; lastKnownFileType = sourcecode.swift; path = PartyFoodListViewController.swift; sourceTree = "<group>"; };
		CECC3CBE2077B974009148A6 /* PartyFoodList.storyboard */ = {isa = PBXFileReference; lastKnownFileType = file.storyboard; path = PartyFoodList.storyboard; sourceTree = "<group>"; };
		CECC3CC22077BC11009148A6 /* PartyFoodCell.swift */ = {isa = PBXFileReference; fileEncoding = 4; lastKnownFileType = sourcecode.swift; path = PartyFoodCell.swift; sourceTree = "<group>"; };
		CEEED9C7206DF5B800A45426 /* OtherUserProfile.swift */ = {isa = PBXFileReference; lastKnownFileType = sourcecode.swift; path = OtherUserProfile.swift; sourceTree = "<group>"; };
		CEF18A41204B74F8003071C5 /* Base */ = {isa = PBXFileReference; lastKnownFileType = file.storyboard; name = Base; path = Base.lproj/SecondMain.storyboard; sourceTree = "<group>"; };
		CEF4EB612066D0EF009387CB /* CreateFriendListViewController.swift */ = {isa = PBXFileReference; fileEncoding = 4; lastKnownFileType = sourcecode.swift; path = CreateFriendListViewController.swift; sourceTree = "<group>"; };
		CEF9D5872079450600DA505C /* HairlineViewHorizontal.swift */ = {isa = PBXFileReference; lastKnownFileType = sourcecode.swift; path = HairlineViewHorizontal.swift; sourceTree = "<group>"; };
		F90031B72031F4F300B9FA75 /* GoogleService-Info.plist */ = {isa = PBXFileReference; fileEncoding = 4; lastKnownFileType = text.plist.xml; path = "GoogleService-Info.plist"; sourceTree = "<group>"; };
		F90E780E206EB473007C5302 /* ProfileView.storyboard */ = {isa = PBXFileReference; lastKnownFileType = file.storyboard; path = ProfileView.storyboard; sourceTree = "<group>"; };
		F90E7810206ECEDB007C5302 /* AddGuestsToPartyViewController.swift */ = {isa = PBXFileReference; lastKnownFileType = sourcecode.swift; path = AddGuestsToPartyViewController.swift; sourceTree = "<group>"; };
		F90E7812206ECFB4007C5302 /* AddGuestsToParty.storyboard */ = {isa = PBXFileReference; lastKnownFileType = file.storyboard; path = AddGuestsToParty.storyboard; sourceTree = "<group>"; };
		F90E7814206ED4F3007C5302 /* AddGuestsTableViewCell.swift */ = {isa = PBXFileReference; lastKnownFileType = sourcecode.swift; path = AddGuestsTableViewCell.swift; sourceTree = "<group>"; };
		F9338583206941210080C59F /* PartyHostViewController.swift */ = {isa = PBXFileReference; lastKnownFileType = sourcecode.swift; path = PartyHostViewController.swift; sourceTree = "<group>"; };
		F957DEDA204146E400FB15A3 /* Parti.entitlements */ = {isa = PBXFileReference; fileEncoding = 4; lastKnownFileType = text.plist.entitlements; path = Parti.entitlements; sourceTree = "<group>"; };
		F9620A8B2069CC270099BABA /* HostingPartyTableViewCell.swift */ = {isa = PBXFileReference; lastKnownFileType = sourcecode.swift; path = HostingPartyTableViewCell.swift; sourceTree = "<group>"; };
		F9620A8D206AB9770099BABA /* CreateAccountViewController.swift */ = {isa = PBXFileReference; lastKnownFileType = sourcecode.swift; path = CreateAccountViewController.swift; sourceTree = "<group>"; };
		F98083352020E98C00CB91C0 /* Parti.app */ = {isa = PBXFileReference; explicitFileType = wrapper.application; includeInIndex = 0; path = Parti.app; sourceTree = BUILT_PRODUCTS_DIR; };
		F98083382020E98C00CB91C0 /* AppDelegate.swift */ = {isa = PBXFileReference; lastKnownFileType = sourcecode.swift; path = AppDelegate.swift; sourceTree = "<group>"; };
		F980833A2020E98C00CB91C0 /* ViewController.swift */ = {isa = PBXFileReference; lastKnownFileType = sourcecode.swift; path = ViewController.swift; sourceTree = "<group>"; };
		F98083402020E98C00CB91C0 /* Parti.xcdatamodel */ = {isa = PBXFileReference; lastKnownFileType = wrapper.xcdatamodel; path = Parti.xcdatamodel; sourceTree = "<group>"; };
		F98083422020E98C00CB91C0 /* Assets.xcassets */ = {isa = PBXFileReference; lastKnownFileType = folder.assetcatalog; path = Assets.xcassets; sourceTree = "<group>"; };
		F98083452020E98C00CB91C0 /* Base */ = {isa = PBXFileReference; lastKnownFileType = file.storyboard; name = Base; path = Base.lproj/LaunchScreen.storyboard; sourceTree = "<group>"; };
		F98083472020E98C00CB91C0 /* Info.plist */ = {isa = PBXFileReference; lastKnownFileType = text.plist.xml; path = Info.plist; sourceTree = "<group>"; };
		F980834C2020E98C00CB91C0 /* PartiTests.xctest */ = {isa = PBXFileReference; explicitFileType = wrapper.cfbundle; includeInIndex = 0; path = PartiTests.xctest; sourceTree = BUILT_PRODUCTS_DIR; };
		F98083502020E98C00CB91C0 /* PartiTests.swift */ = {isa = PBXFileReference; lastKnownFileType = sourcecode.swift; path = PartiTests.swift; sourceTree = "<group>"; };
		F98083522020E98C00CB91C0 /* Info.plist */ = {isa = PBXFileReference; lastKnownFileType = text.plist.xml; path = Info.plist; sourceTree = "<group>"; };
		F9A651A5204B9CA0007792E6 /* PartyListViewController.swift */ = {isa = PBXFileReference; lastKnownFileType = sourcecode.swift; path = PartyListViewController.swift; sourceTree = "<group>"; };
		F9A651A7204B9E57007792E6 /* AttendingPartyTableViewCell.swift */ = {isa = PBXFileReference; fileEncoding = 4; lastKnownFileType = sourcecode.swift; path = AttendingPartyTableViewCell.swift; sourceTree = "<group>"; };
		F9B245C02066EB3D0015F277 /* Main.storyboard */ = {isa = PBXFileReference; fileEncoding = 4; lastKnownFileType = file.storyboard; path = Main.storyboard; sourceTree = "<group>"; };
/* End PBXFileReference section */

/* Begin PBXFrameworksBuildPhase section */
		F98083322020E98C00CB91C0 /* Frameworks */ = {
			isa = PBXFrameworksBuildPhase;
			buildActionMask = 2147483647;
			files = (
				CE5ED8D6205ED26D00F6174F /* SystemConfiguration.framework in Frameworks */,
				CE5ED8D4205ED25D00F6174F /* AVFoundation.framework in Frameworks */,
				CE5ED8CE205DEE2100F6174F /* MediaPlayer.framework in Frameworks */,
				CE5ED8CC205DECAF00F6174F /* StoreKit.framework in Frameworks */,
				A7C495A50A922E01D5D2E3C6 /* Pods_Parti.framework in Frameworks */,
			);
			runOnlyForDeploymentPostprocessing = 0;
		};
		F98083492020E98C00CB91C0 /* Frameworks */ = {
			isa = PBXFrameworksBuildPhase;
			buildActionMask = 2147483647;
			files = (
				B1D90A9503ACE66E72E059F1 /* Pods_PartiTests.framework in Frameworks */,
			);
			runOnlyForDeploymentPostprocessing = 0;
		};
/* End PBXFrameworksBuildPhase section */

/* Begin PBXGroup section */
		72F386EE3E3C95A743A7B540 /* Pods */ = {
			isa = PBXGroup;
			children = (
				06CC7C2D71A73E804E5E1838 /* Pods-Parti.debug.xcconfig */,
				A8B986416237F7F05208156B /* Pods-Parti.release.xcconfig */,
				AD3F24396C751F1E6C4D8A77 /* Pods-PartiTests.debug.xcconfig */,
				5EF3DEFE9834BBE3B127C505 /* Pods-PartiTests.release.xcconfig */,
			);
			name = Pods;
			sourceTree = "<group>";
		};
		CE00AF2F206447E7002F5446 /* Friends */ = {
			isa = PBXGroup;
			children = (
				CEAB8B6520644885005AD748 /* AddFriendsViewController.swift */,
				CE05EA43207443FE00886673 /* AddFriends.storyboard */,
				CEAB8B6620644885005AD748 /* AddFriendTableViewCell.swift */,
				F90E7810206ECEDB007C5302 /* AddGuestsToPartyViewController.swift */,
				F90E7812206ECFB4007C5302 /* AddGuestsToParty.storyboard */,
				F90E7814206ED4F3007C5302 /* AddGuestsTableViewCell.swift */,
			);
			path = Friends;
			sourceTree = "<group>";
		};
		CE09DC57205C65E70097806D /* Profile */ = {
			isa = PBXGroup;
			children = (
				CE2281FF206B57A200039578 /* EditProfileViewController.swift */,
				CE2281FB206B512A00039578 /* EditProfile.storyboard */,
				CE09DC55205C657C0097806D /* ProfileViewController.swift */,
				F90E780E206EB473007C5302 /* ProfileView.storyboard */,
				CE09DC5B205C66410097806D /* ProfileModel.swift */,
				CEEED9C7206DF5B800A45426 /* OtherUserProfile.swift */,
			);
			path = Profile;
			sourceTree = "<group>";
		};
		CE09DC59205C66010097806D /* PartyList */ = {
			isa = PBXGroup;
			children = (
				F9A651A5204B9CA0007792E6 /* PartyListViewController.swift */,
				F9A651A7204B9E57007792E6 /* AttendingPartyTableViewCell.swift */,
				F9620A8B2069CC270099BABA /* HostingPartyTableViewCell.swift */,
			);
			path = PartyList;
			sourceTree = "<group>";
		};
		CE09DC5A205C66220097806D /* FoodList */ = {
			isa = PBXGroup;
			children = (
				CECC3CC22077BC11009148A6 /* PartyFoodCell.swift */,
				CE6CD6822047092D00BC3DD3 /* FoodListViewController.swift */,
				CECC3CBC2077B93D009148A6 /* PartyFoodListViewController.swift */,
				CECC3CBE2077B974009148A6 /* PartyFoodList.storyboard */,
			);
			path = FoodList;
			sourceTree = "<group>";
		};
		CE1C754520631491009A5914 /* NewUserFlow */ = {
			isa = PBXGroup;
			children = (
				CEF4EB612066D0EF009387CB /* CreateFriendListViewController.swift */,
				CE2ED8662065B65E00CFDEE3 /* CreateFoodListViewController.swift */,
				CE1C754620631568009A5914 /* ProfileCreationViewController.swift */,
				F9620A8D206AB9770099BABA /* CreateAccountViewController.swift */,
			);
			path = NewUserFlow;
			sourceTree = "<group>";
		};
		CE31AB9B205F152200171BD1 /* CreateParty */ = {
			isa = PBXGroup;
			children = (
				CE31AB9E205F17ED00171BD1 /* CreatePartyViewController.swift */,
				CE83FF5F2067EDB400542092 /* AddGuestsViewController.swift */,
			);
			path = CreateParty;
			sourceTree = "<group>";
		};
		CE58391720783193006D67E9 /* Fonts */ = {
			isa = PBXGroup;
			children = (
				CE58393220783297006D67E9 /* SF-Pro-Display-Black.otf */,
				CE58392720783296006D67E9 /* SF-Pro-Display-BlackItalic.otf */,
				CE58393020783297006D67E9 /* SF-Pro-Display-Bold.otf */,
				CE58391C20783294006D67E9 /* SF-Pro-Display-BoldItalic.otf */,
				CE58391920783293006D67E9 /* SF-Pro-Display-Heavy.otf */,
				CE58392120783295006D67E9 /* SF-Pro-Display-HeavyItalic.otf */,
				CE58391D20783294006D67E9 /* SF-Pro-Display-Light.otf */,
				CE58392E20783297006D67E9 /* SF-Pro-Display-LightItalic.otf */,
				CE58393420783298006D67E9 /* SF-Pro-Display-Medium.otf */,
				CE58392F20783297006D67E9 /* SF-Pro-Display-MediumItalic.otf */,
				CE58392320783295006D67E9 /* SF-Pro-Display-Regular.otf */,
				CE58391F20783295006D67E9 /* SF-Pro-Display-RegularItalic.otf */,
				CE58392B20783296006D67E9 /* SF-Pro-Display-Semibold.otf */,
				CE58392420783295006D67E9 /* SF-Pro-Display-SemiboldItalic.otf */,
				CE58392520783295006D67E9 /* SF-Pro-Display-Thin.otf */,
				CE58391B20783294006D67E9 /* SF-Pro-Display-ThinItalic.otf */,
				CE58393520783298006D67E9 /* SF-Pro-Display-Ultralight.otf */,
				CE58392220783295006D67E9 /* SF-Pro-Display-UltralightItalic.otf */,
				CE58392D20783296006D67E9 /* SF-Pro-Text-Bold.otf */,
				CE58393620783298006D67E9 /* SF-Pro-Text-BoldItalic.otf */,
				CE58393320783298006D67E9 /* SF-Pro-Text-Heavy.otf */,
				CE58392C20783296006D67E9 /* SF-Pro-Text-HeavyItalic.otf */,
				CE58392820783296006D67E9 /* SF-Pro-Text-Light.otf */,
				CE58393120783297006D67E9 /* SF-Pro-Text-LightItalic.otf */,
				CE58392620783295006D67E9 /* SF-Pro-Text-Medium.otf */,
				CE58391E20783294006D67E9 /* SF-Pro-Text-MediumItalic.otf */,
				CE58391A20783294006D67E9 /* SF-Pro-Text-Regular.otf */,
				CE58392920783296006D67E9 /* SF-Pro-Text-RegularItalic.otf */,
				CE58392020783295006D67E9 /* SF-Pro-Text-Semibold.otf */,
				CE58392A20783296006D67E9 /* SF-Pro-Text-SemiboldItalic.otf */,
			);
			path = Fonts;
			sourceTree = "<group>";
		};
		CEB33EEA205F354000F49918 /* PartyPage */ = {
			isa = PBXGroup;
			children = (
				CEC9303620713EAB005C13E5 /* EditPartyViewController.swift */,
				CEC9303220713938005C13E5 /* EditPartyPage.storyboard */,
				CE3E0DB02061E0980098F435 /* PartyPageViewController.swift */,
				CEB33EF6205F464400F49918 /* GuestListViewController.swift */,
				CEB33EF4205F456100F49918 /* GuestTableViewCell.swift */,
				CE1189622051E00300A0AD49 /* PartyModel.swift */,
				F9338583206941210080C59F /* PartyHostViewController.swift */,
			);
			path = PartyPage;
			sourceTree = "<group>";
		};
		CECC3CBB2077B8FD009148A6 /* MusicList */ = {
			isa = PBXGroup;
			children = (
				CECC3CB120768A75009148A6 /* MusicModel.swift */,
				CECC3CAD2075AB25009148A6 /* MusicListViewController.swift */,
				CECC3CB32076900E009148A6 /* MusicTableViewCell.swift */,
				CE05EA452075A52200886673 /* MusicList.storyboard */,
				CECC3CB9207693E8009148A6 /* MusicTempViewController.swift */,
			);
			path = MusicList;
			sourceTree = "<group>";
		};
		E8E2C0AF7C22110D2E8ABC42 /* Frameworks */ = {
			isa = PBXGroup;
			children = (
				CEA81F36205F034C00D48895 /* SpotifyAudioPlayback.framework */,
				CEA81F37205F034C00D48895 /* SpotifyAuthentication.framework */,
				CEA81F35205F034C00D48895 /* SpotifyMetadata.framework */,
				CE5ED8D5205ED26D00F6174F /* SystemConfiguration.framework */,
				CE5ED8D3205ED25D00F6174F /* AVFoundation.framework */,
				CE5ED8CD205DEE2100F6174F /* MediaPlayer.framework */,
				CE5ED8CB205DECAF00F6174F /* StoreKit.framework */,
				3E2AA48FD3092F9D304DAB2E /* Pods_Parti.framework */,
				7A300D2D9A3CCEBA5C96809E /* Pods_PartiTests.framework */,
			);
			name = Frameworks;
			sourceTree = "<group>";
		};
		F980832C2020E98B00CB91C0 = {
			isa = PBXGroup;
			children = (
				CE6CD68420470C3C00BC3DD3 /* Podfile */,
				F90031B72031F4F300B9FA75 /* GoogleService-Info.plist */,
				F98083372020E98C00CB91C0 /* Parti */,
				F980834F2020E98C00CB91C0 /* PartiTests */,
				F98083362020E98C00CB91C0 /* Products */,
				E8E2C0AF7C22110D2E8ABC42 /* Frameworks */,
				72F386EE3E3C95A743A7B540 /* Pods */,
			);
			sourceTree = "<group>";
		};
		F98083362020E98C00CB91C0 /* Products */ = {
			isa = PBXGroup;
			children = (
				F98083352020E98C00CB91C0 /* Parti.app */,
				F980834C2020E98C00CB91C0 /* PartiTests.xctest */,
			);
			name = Products;
			sourceTree = "<group>";
		};
		F98083372020E98C00CB91C0 /* Parti */ = {
			isa = PBXGroup;
			children = (
				CE58391720783193006D67E9 /* Fonts */,
				CECC3CBB2077B8FD009148A6 /* MusicList */,
				CE00AF2F206447E7002F5446 /* Friends */,
				CE1C754520631491009A5914 /* NewUserFlow */,
				CEB33EEA205F354000F49918 /* PartyPage */,
				CE31AB9B205F152200171BD1 /* CreateParty */,
				CE09DC5A205C66220097806D /* FoodList */,
				CE09DC59205C66010097806D /* PartyList */,
				CE09DC57205C65E70097806D /* Profile */,
				CEF18A40204B74F8003071C5 /* SecondMain.storyboard */,
				F9B245C02066EB3D0015F277 /* Main.storyboard */,
				F957DEDA204146E400FB15A3 /* Parti.entitlements */,
				F98083382020E98C00CB91C0 /* AppDelegate.swift */,
				F980833A2020E98C00CB91C0 /* ViewController.swift */,
				F98083422020E98C00CB91C0 /* Assets.xcassets */,
				F98083442020E98C00CB91C0 /* LaunchScreen.storyboard */,
				F98083472020E98C00CB91C0 /* Info.plist */,
				F980833F2020E98C00CB91C0 /* Parti.xcdatamodeld */,
				CEF9D5872079450600DA505C /* HairlineViewHorizontal.swift */,
			);
			path = Parti;
			sourceTree = "<group>";
		};
		F980834F2020E98C00CB91C0 /* PartiTests */ = {
			isa = PBXGroup;
			children = (
				F98083502020E98C00CB91C0 /* PartiTests.swift */,
				F98083522020E98C00CB91C0 /* Info.plist */,
			);
			path = PartiTests;
			sourceTree = "<group>";
		};
/* End PBXGroup section */

/* Begin PBXNativeTarget section */
		F98083342020E98C00CB91C0 /* Parti */ = {
			isa = PBXNativeTarget;
			buildConfigurationList = F98083552020E98C00CB91C0 /* Build configuration list for PBXNativeTarget "Parti" */;
			buildPhases = (
				CEFC2CEDCC19F4A8196BCA17 /* [CP] Check Pods Manifest.lock */,
				F98083312020E98C00CB91C0 /* Sources */,
				F98083322020E98C00CB91C0 /* Frameworks */,
				F98083332020E98C00CB91C0 /* Resources */,
				E6B8FEEDD118BFCA750E1DE6 /* [CP] Embed Pods Frameworks */,
				B6DB3AB0ED88F9172C9871F2 /* [CP] Copy Pods Resources */,
			);
			buildRules = (
			);
			dependencies = (
			);
			name = Parti;
			productName = Parti;
			productReference = F98083352020E98C00CB91C0 /* Parti.app */;
			productType = "com.apple.product-type.application";
		};
		F980834B2020E98C00CB91C0 /* PartiTests */ = {
			isa = PBXNativeTarget;
			buildConfigurationList = F98083582020E98C00CB91C0 /* Build configuration list for PBXNativeTarget "PartiTests" */;
			buildPhases = (
				86B99DAFC066D6010005A3B5 /* [CP] Check Pods Manifest.lock */,
				F98083482020E98C00CB91C0 /* Sources */,
				F98083492020E98C00CB91C0 /* Frameworks */,
				F980834A2020E98C00CB91C0 /* Resources */,
				8C314BD25951898D194A8643 /* [CP] Embed Pods Frameworks */,
				FD04DAE018D424976B1766ED /* [CP] Copy Pods Resources */,
			);
			buildRules = (
			);
			dependencies = (
				F980834E2020E98C00CB91C0 /* PBXTargetDependency */,
			);
			name = PartiTests;
			productName = PartiTests;
			productReference = F980834C2020E98C00CB91C0 /* PartiTests.xctest */;
			productType = "com.apple.product-type.bundle.unit-test";
		};
/* End PBXNativeTarget section */

/* Begin PBXProject section */
		F980832D2020E98C00CB91C0 /* Project object */ = {
			isa = PBXProject;
			attributes = {
				LastSwiftUpdateCheck = 0920;
				LastUpgradeCheck = 0920;
				ORGANIZATIONNAME = "Arjun Gopisetty";
				TargetAttributes = {
					F98083342020E98C00CB91C0 = {
						CreatedOnToolsVersion = 9.2;
						ProvisioningStyle = Automatic;
						SystemCapabilities = {
							com.apple.Keychain = {
								enabled = 1;
							};
						};
					};
					F980834B2020E98C00CB91C0 = {
						CreatedOnToolsVersion = 9.2;
						ProvisioningStyle = Automatic;
						TestTargetID = F98083342020E98C00CB91C0;
					};
				};
			};
			buildConfigurationList = F98083302020E98C00CB91C0 /* Build configuration list for PBXProject "Parti" */;
			compatibilityVersion = "Xcode 8.0";
			developmentRegion = en;
			hasScannedForEncodings = 0;
			knownRegions = (
				en,
				Base,
			);
			mainGroup = F980832C2020E98B00CB91C0;
			productRefGroup = F98083362020E98C00CB91C0 /* Products */;
			projectDirPath = "";
			projectRoot = "";
			targets = (
				F98083342020E98C00CB91C0 /* Parti */,
				F980834B2020E98C00CB91C0 /* PartiTests */,
			);
		};
/* End PBXProject section */

/* Begin PBXResourcesBuildPhase section */
		F98083332020E98C00CB91C0 /* Resources */ = {
			isa = PBXResourcesBuildPhase;
			buildActionMask = 2147483647;
			files = (
				CE583945207832F4006D67E9 /* SF-Pro-Display-Thin.otf in Resources */,
				CE583943207832F4006D67E9 /* SF-Pro-Display-Semibold.otf in Resources */,
				CE583949207832F4006D67E9 /* SF-Pro-Text-Bold.otf in Resources */,
				CE6CD68520470C3C00BC3DD3 /* Podfile in Resources */,
				F90E7813206ECFB4007C5302 /* AddGuestsToParty.storyboard in Resources */,
				F9B245C12066EB3D0015F277 /* Main.storyboard in Resources */,
				CE583953207832F4006D67E9 /* SF-Pro-Text-Semibold.otf in Resources */,
				CE583951207832F4006D67E9 /* SF-Pro-Text-Regular.otf in Resources */,
				F98083462020E98C00CB91C0 /* LaunchScreen.storyboard in Resources */,
				CE58393C207832F4006D67E9 /* SF-Pro-Display-HeavyItalic.otf in Resources */,
				CE58393A207832F4006D67E9 /* SF-Pro-Display-BoldItalic.otf in Resources */,
				CE58393F207832F4006D67E9 /* SF-Pro-Display-Medium.otf in Resources */,
				CE58393D207832F4006D67E9 /* SF-Pro-Display-Light.otf in Resources */,
				CE58394B207832F4006D67E9 /* SF-Pro-Text-Heavy.otf in Resources */,
				CE583952207832F4006D67E9 /* SF-Pro-Text-RegularItalic.otf in Resources */,
				CE05EA462075A52200886673 /* MusicList.storyboard in Resources */,
				CE583948207832F4006D67E9 /* SF-Pro-Display-UltralightItalic.otf in Resources */,
				CE58394D207832F4006D67E9 /* SF-Pro-Text-Light.otf in Resources */,
				CEC9303320713938005C13E5 /* EditPartyPage.storyboard in Resources */,
				CE58394E207832F4006D67E9 /* SF-Pro-Text-LightItalic.otf in Resources */,
				CE583941207832F4006D67E9 /* SF-Pro-Display-Regular.otf in Resources */,
				CE583940207832F4006D67E9 /* SF-Pro-Display-MediumItalic.otf in Resources */,
				CE58394A207832F4006D67E9 /* SF-Pro-Text-BoldItalic.otf in Resources */,
				CE58394C207832F4006D67E9 /* SF-Pro-Text-HeavyItalic.otf in Resources */,
				CE583939207832F4006D67E9 /* SF-Pro-Display-Bold.otf in Resources */,
				CEF18A42204B74F8003071C5 /* SecondMain.storyboard in Resources */,
				CE583937207832C6006D67E9 /* SF-Pro-Display-Black.otf in Resources */,
				CE2281FC206B512A00039578 /* EditProfile.storyboard in Resources */,
				F90E780F206EB474007C5302 /* ProfileView.storyboard in Resources */,
				CE583938207832F4006D67E9 /* SF-Pro-Display-BlackItalic.otf in Resources */,
				CE583950207832F4006D67E9 /* SF-Pro-Text-MediumItalic.otf in Resources */,
				CE583942207832F4006D67E9 /* SF-Pro-Display-RegularItalic.otf in Resources */,
				CE583954207832F4006D67E9 /* SF-Pro-Text-SemiboldItalic.otf in Resources */,
				CE05EA44207443FE00886673 /* AddFriends.storyboard in Resources */,
				CECC3CBF2077B974009148A6 /* PartyFoodList.storyboard in Resources */,
				F90031B82031F4F300B9FA75 /* GoogleService-Info.plist in Resources */,
				CE583944207832F4006D67E9 /* SF-Pro-Display-SemiboldItalic.otf in Resources */,
				F98083432020E98C00CB91C0 /* Assets.xcassets in Resources */,
				CE58393B207832F4006D67E9 /* SF-Pro-Display-Heavy.otf in Resources */,
				CE583947207832F4006D67E9 /* SF-Pro-Display-Ultralight.otf in Resources */,
				CE583946207832F4006D67E9 /* SF-Pro-Display-ThinItalic.otf in Resources */,
				CE58394F207832F4006D67E9 /* SF-Pro-Text-Medium.otf in Resources */,
				CE58393E207832F4006D67E9 /* SF-Pro-Display-LightItalic.otf in Resources */,
			);
			runOnlyForDeploymentPostprocessing = 0;
		};
		F980834A2020E98C00CB91C0 /* Resources */ = {
			isa = PBXResourcesBuildPhase;
			buildActionMask = 2147483647;
			files = (
			);
			runOnlyForDeploymentPostprocessing = 0;
		};
/* End PBXResourcesBuildPhase section */

/* Begin PBXShellScriptBuildPhase section */
		86B99DAFC066D6010005A3B5 /* [CP] Check Pods Manifest.lock */ = {
			isa = PBXShellScriptBuildPhase;
			buildActionMask = 2147483647;
			files = (
			);
			inputPaths = (
				"${PODS_PODFILE_DIR_PATH}/Podfile.lock",
				"${PODS_ROOT}/Manifest.lock",
			);
			name = "[CP] Check Pods Manifest.lock";
			outputPaths = (
				"$(DERIVED_FILE_DIR)/Pods-PartiTests-checkManifestLockResult.txt",
			);
			runOnlyForDeploymentPostprocessing = 0;
			shellPath = /bin/sh;
			shellScript = "diff \"${PODS_PODFILE_DIR_PATH}/Podfile.lock\" \"${PODS_ROOT}/Manifest.lock\" > /dev/null\nif [ $? != 0 ] ; then\n    # print error to STDERR\n    echo \"error: The sandbox is not in sync with the Podfile.lock. Run 'pod install' or update your CocoaPods installation.\" >&2\n    exit 1\nfi\n# This output is used by Xcode 'outputs' to avoid re-running this script phase.\necho \"SUCCESS\" > \"${SCRIPT_OUTPUT_FILE_0}\"\n";
			showEnvVarsInLog = 0;
		};
		8C314BD25951898D194A8643 /* [CP] Embed Pods Frameworks */ = {
			isa = PBXShellScriptBuildPhase;
			buildActionMask = 2147483647;
			files = (
			);
			inputPaths = (
			);
			name = "[CP] Embed Pods Frameworks";
			outputPaths = (
			);
			runOnlyForDeploymentPostprocessing = 0;
			shellPath = /bin/sh;
			shellScript = "\"${SRCROOT}/Pods/Target Support Files/Pods-PartiTests/Pods-PartiTests-frameworks.sh\"\n";
			showEnvVarsInLog = 0;
		};
		B6DB3AB0ED88F9172C9871F2 /* [CP] Copy Pods Resources */ = {
			isa = PBXShellScriptBuildPhase;
			buildActionMask = 2147483647;
			files = (
			);
			inputPaths = (
				"${SRCROOT}/Pods/Target Support Files/Pods-Parti/Pods-Parti-resources.sh",
				"${PODS_ROOT}/GoogleSignIn/Resources/GoogleSignIn.bundle",
			);
			name = "[CP] Copy Pods Resources";
			outputPaths = (
				"${TARGET_BUILD_DIR}/${UNLOCALIZED_RESOURCES_FOLDER_PATH}/GoogleSignIn.bundle",
			);
			runOnlyForDeploymentPostprocessing = 0;
			shellPath = /bin/sh;
			shellScript = "\"${SRCROOT}/Pods/Target Support Files/Pods-Parti/Pods-Parti-resources.sh\"\n";
			showEnvVarsInLog = 0;
		};
		CEFC2CEDCC19F4A8196BCA17 /* [CP] Check Pods Manifest.lock */ = {
			isa = PBXShellScriptBuildPhase;
			buildActionMask = 2147483647;
			files = (
			);
			inputPaths = (
				"${PODS_PODFILE_DIR_PATH}/Podfile.lock",
				"${PODS_ROOT}/Manifest.lock",
			);
			name = "[CP] Check Pods Manifest.lock";
			outputPaths = (
				"$(DERIVED_FILE_DIR)/Pods-Parti-checkManifestLockResult.txt",
			);
			runOnlyForDeploymentPostprocessing = 0;
			shellPath = /bin/sh;
			shellScript = "diff \"${PODS_PODFILE_DIR_PATH}/Podfile.lock\" \"${PODS_ROOT}/Manifest.lock\" > /dev/null\nif [ $? != 0 ] ; then\n    # print error to STDERR\n    echo \"error: The sandbox is not in sync with the Podfile.lock. Run 'pod install' or update your CocoaPods installation.\" >&2\n    exit 1\nfi\n# This output is used by Xcode 'outputs' to avoid re-running this script phase.\necho \"SUCCESS\" > \"${SCRIPT_OUTPUT_FILE_0}\"\n";
			showEnvVarsInLog = 0;
		};
		E6B8FEEDD118BFCA750E1DE6 /* [CP] Embed Pods Frameworks */ = {
			isa = PBXShellScriptBuildPhase;
			buildActionMask = 2147483647;
			files = (
			);
			inputPaths = (
				"${SRCROOT}/Pods/Target Support Files/Pods-Parti/Pods-Parti-frameworks.sh",
				"${BUILT_PRODUCTS_DIR}/Bolts/Bolts.framework",
				"${BUILT_PRODUCTS_DIR}/FBSDKCoreKit/FBSDKCoreKit.framework",
				"${BUILT_PRODUCTS_DIR}/FBSDKLoginKit/FBSDKLoginKit.framework",
				"${BUILT_PRODUCTS_DIR}/GTMOAuth2/GTMOAuth2.framework",
				"${BUILT_PRODUCTS_DIR}/GTMSessionFetcher/GTMSessionFetcher.framework",
				"${BUILT_PRODUCTS_DIR}/GoogleToolboxForMac/GoogleToolboxForMac.framework",
				"${BUILT_PRODUCTS_DIR}/leveldb-library/leveldb.framework",
				"${BUILT_PRODUCTS_DIR}/nanopb/nanopb.framework",
			);
			name = "[CP] Embed Pods Frameworks";
			outputPaths = (
				"${TARGET_BUILD_DIR}/${FRAMEWORKS_FOLDER_PATH}/Bolts.framework",
				"${TARGET_BUILD_DIR}/${FRAMEWORKS_FOLDER_PATH}/FBSDKCoreKit.framework",
				"${TARGET_BUILD_DIR}/${FRAMEWORKS_FOLDER_PATH}/FBSDKLoginKit.framework",
				"${TARGET_BUILD_DIR}/${FRAMEWORKS_FOLDER_PATH}/GTMOAuth2.framework",
				"${TARGET_BUILD_DIR}/${FRAMEWORKS_FOLDER_PATH}/GTMSessionFetcher.framework",
				"${TARGET_BUILD_DIR}/${FRAMEWORKS_FOLDER_PATH}/GoogleToolboxForMac.framework",
				"${TARGET_BUILD_DIR}/${FRAMEWORKS_FOLDER_PATH}/leveldb.framework",
				"${TARGET_BUILD_DIR}/${FRAMEWORKS_FOLDER_PATH}/nanopb.framework",
			);
			runOnlyForDeploymentPostprocessing = 0;
			shellPath = /bin/sh;
			shellScript = "\"${SRCROOT}/Pods/Target Support Files/Pods-Parti/Pods-Parti-frameworks.sh\"\n";
			showEnvVarsInLog = 0;
		};
		FD04DAE018D424976B1766ED /* [CP] Copy Pods Resources */ = {
			isa = PBXShellScriptBuildPhase;
			buildActionMask = 2147483647;
			files = (
			);
			inputPaths = (
			);
			name = "[CP] Copy Pods Resources";
			outputPaths = (
			);
			runOnlyForDeploymentPostprocessing = 0;
			shellPath = /bin/sh;
			shellScript = "\"${SRCROOT}/Pods/Target Support Files/Pods-PartiTests/Pods-PartiTests-resources.sh\"\n";
			showEnvVarsInLog = 0;
		};
/* End PBXShellScriptBuildPhase section */

/* Begin PBXSourcesBuildPhase section */
		F98083312020E98C00CB91C0 /* Sources */ = {
			isa = PBXSourcesBuildPhase;
			buildActionMask = 2147483647;
			files = (
				CE09DC5C205C66410097806D /* ProfileModel.swift in Sources */,
				F980833B2020E98C00CB91C0 /* ViewController.swift in Sources */,
				CE1189632051E00300A0AD49 /* PartyModel.swift in Sources */,
				CE3E0DB12061E0980098F435 /* PartyPageViewController.swift in Sources */,
				CE2ED8672065B65E00CFDEE3 /* CreateFoodListViewController.swift in Sources */,
				CECC3CB42076900E009148A6 /* MusicTableViewCell.swift in Sources */,
				CE83FF602067EDB400542092 /* AddGuestsViewController.swift in Sources */,
				F98083412020E98C00CB91C0 /* Parti.xcdatamodeld in Sources */,
				CEF4EB622066D0EF009387CB /* CreateFriendListViewController.swift in Sources */,
				CEC9303720713EAB005C13E5 /* EditPartyViewController.swift in Sources */,
				CE6CD6832047092D00BC3DD3 /* FoodListViewController.swift in Sources */,
				F9A651A8204B9E57007792E6 /* AttendingPartyTableViewCell.swift in Sources */,
				CE228200206B57A200039578 /* EditProfileViewController.swift in Sources */,
				CEF9D5882079450700DA505C /* HairlineViewHorizontal.swift in Sources */,
				CECC3CBD2077B93D009148A6 /* PartyFoodListViewController.swift in Sources */,
				CECC3CBA207693E8009148A6 /* MusicTempViewController.swift in Sources */,
				CECC3CC32077BC11009148A6 /* PartyFoodCell.swift in Sources */,
				CEB33EF5205F456100F49918 /* GuestTableViewCell.swift in Sources */,
				CEAB8B6720644885005AD748 /* AddFriendsViewController.swift in Sources */,
				F98083392020E98C00CB91C0 /* AppDelegate.swift in Sources */,
				CE09DC56205C657C0097806D /* ProfileViewController.swift in Sources */,
				F9620A8E206AB9770099BABA /* CreateAccountViewController.swift in Sources */,
				CE1189612051DF8400A0AD49 /* PartyListViewController.swift in Sources */,
				CE31AB9F205F17ED00171BD1 /* CreatePartyViewController.swift in Sources */,
				F90E7815206ED4F3007C5302 /* AddGuestsTableViewCell.swift in Sources */,
				CECC3CAE2075AB25009148A6 /* MusicListViewController.swift in Sources */,
				CEB33EF7205F464400F49918 /* GuestListViewController.swift in Sources */,
				F90E7811206ECEDB007C5302 /* AddGuestsToPartyViewController.swift in Sources */,
				CECC3CB220768A75009148A6 /* MusicModel.swift in Sources */,
				CEEED9C8206DF5B800A45426 /* OtherUserProfile.swift in Sources */,
				F9338584206941210080C59F /* PartyHostViewController.swift in Sources */,
				F9620A8C2069CC270099BABA /* HostingPartyTableViewCell.swift in Sources */,
				CE1C754720631568009A5914 /* ProfileCreationViewController.swift in Sources */,
				CEAB8B6820644885005AD748 /* AddFriendTableViewCell.swift in Sources */,
			);
			runOnlyForDeploymentPostprocessing = 0;
		};
		F98083482020E98C00CB91C0 /* Sources */ = {
			isa = PBXSourcesBuildPhase;
			buildActionMask = 2147483647;
			files = (
				F98083512020E98C00CB91C0 /* PartiTests.swift in Sources */,
			);
			runOnlyForDeploymentPostprocessing = 0;
		};
/* End PBXSourcesBuildPhase section */

/* Begin PBXTargetDependency section */
		F980834E2020E98C00CB91C0 /* PBXTargetDependency */ = {
			isa = PBXTargetDependency;
			target = F98083342020E98C00CB91C0 /* Parti */;
			targetProxy = F980834D2020E98C00CB91C0 /* PBXContainerItemProxy */;
		};
/* End PBXTargetDependency section */

/* Begin PBXVariantGroup section */
		CEF18A40204B74F8003071C5 /* SecondMain.storyboard */ = {
			isa = PBXVariantGroup;
			children = (
				CEF18A41204B74F8003071C5 /* Base */,
			);
			name = SecondMain.storyboard;
			sourceTree = "<group>";
		};
		F98083442020E98C00CB91C0 /* LaunchScreen.storyboard */ = {
			isa = PBXVariantGroup;
			children = (
				F98083452020E98C00CB91C0 /* Base */,
			);
			name = LaunchScreen.storyboard;
			sourceTree = "<group>";
		};
/* End PBXVariantGroup section */

/* Begin XCBuildConfiguration section */
		F98083532020E98C00CB91C0 /* Debug */ = {
			isa = XCBuildConfiguration;
			buildSettings = {
				ALWAYS_SEARCH_USER_PATHS = NO;
				CLANG_ANALYZER_NONNULL = YES;
				CLANG_ANALYZER_NUMBER_OBJECT_CONVERSION = YES_AGGRESSIVE;
				CLANG_CXX_LANGUAGE_STANDARD = "gnu++14";
				CLANG_CXX_LIBRARY = "libc++";
				CLANG_ENABLE_MODULES = YES;
				CLANG_ENABLE_OBJC_ARC = YES;
				CLANG_WARN_BLOCK_CAPTURE_AUTORELEASING = YES;
				CLANG_WARN_BOOL_CONVERSION = YES;
				CLANG_WARN_COMMA = YES;
				CLANG_WARN_CONSTANT_CONVERSION = YES;
				CLANG_WARN_DIRECT_OBJC_ISA_USAGE = YES_ERROR;
				CLANG_WARN_DOCUMENTATION_COMMENTS = YES;
				CLANG_WARN_EMPTY_BODY = YES;
				CLANG_WARN_ENUM_CONVERSION = YES;
				CLANG_WARN_INFINITE_RECURSION = YES;
				CLANG_WARN_INT_CONVERSION = YES;
				CLANG_WARN_NON_LITERAL_NULL_CONVERSION = YES;
				CLANG_WARN_OBJC_LITERAL_CONVERSION = YES;
				CLANG_WARN_OBJC_ROOT_CLASS = YES_ERROR;
				CLANG_WARN_RANGE_LOOP_ANALYSIS = YES;
				CLANG_WARN_STRICT_PROTOTYPES = YES;
				CLANG_WARN_SUSPICIOUS_MOVE = YES;
				CLANG_WARN_UNGUARDED_AVAILABILITY = YES_AGGRESSIVE;
				CLANG_WARN_UNREACHABLE_CODE = YES;
				CLANG_WARN__DUPLICATE_METHOD_MATCH = YES;
				CODE_SIGN_IDENTITY = "iPhone Developer";
				COPY_PHASE_STRIP = NO;
				DEBUG_INFORMATION_FORMAT = dwarf;
				ENABLE_STRICT_OBJC_MSGSEND = YES;
				ENABLE_TESTABILITY = YES;
				GCC_C_LANGUAGE_STANDARD = gnu11;
				GCC_DYNAMIC_NO_PIC = NO;
				GCC_NO_COMMON_BLOCKS = YES;
				GCC_OPTIMIZATION_LEVEL = 0;
				GCC_PREPROCESSOR_DEFINITIONS = (
					"DEBUG=1",
					"$(inherited)",
				);
				GCC_WARN_64_TO_32_BIT_CONVERSION = YES;
				GCC_WARN_ABOUT_RETURN_TYPE = YES_ERROR;
				GCC_WARN_UNDECLARED_SELECTOR = YES;
				GCC_WARN_UNINITIALIZED_AUTOS = YES_AGGRESSIVE;
				GCC_WARN_UNUSED_FUNCTION = YES;
				GCC_WARN_UNUSED_VARIABLE = YES;
				IPHONEOS_DEPLOYMENT_TARGET = 11.2;
				MTL_ENABLE_DEBUG_INFO = YES;
				ONLY_ACTIVE_ARCH = YES;
				SDKROOT = iphoneos;
				SWIFT_ACTIVE_COMPILATION_CONDITIONS = DEBUG;
				SWIFT_OPTIMIZATION_LEVEL = "-Onone";
			};
			name = Debug;
		};
		F98083542020E98C00CB91C0 /* Release */ = {
			isa = XCBuildConfiguration;
			buildSettings = {
				ALWAYS_SEARCH_USER_PATHS = NO;
				CLANG_ANALYZER_NONNULL = YES;
				CLANG_ANALYZER_NUMBER_OBJECT_CONVERSION = YES_AGGRESSIVE;
				CLANG_CXX_LANGUAGE_STANDARD = "gnu++14";
				CLANG_CXX_LIBRARY = "libc++";
				CLANG_ENABLE_MODULES = YES;
				CLANG_ENABLE_OBJC_ARC = YES;
				CLANG_WARN_BLOCK_CAPTURE_AUTORELEASING = YES;
				CLANG_WARN_BOOL_CONVERSION = YES;
				CLANG_WARN_COMMA = YES;
				CLANG_WARN_CONSTANT_CONVERSION = YES;
				CLANG_WARN_DIRECT_OBJC_ISA_USAGE = YES_ERROR;
				CLANG_WARN_DOCUMENTATION_COMMENTS = YES;
				CLANG_WARN_EMPTY_BODY = YES;
				CLANG_WARN_ENUM_CONVERSION = YES;
				CLANG_WARN_INFINITE_RECURSION = YES;
				CLANG_WARN_INT_CONVERSION = YES;
				CLANG_WARN_NON_LITERAL_NULL_CONVERSION = YES;
				CLANG_WARN_OBJC_LITERAL_CONVERSION = YES;
				CLANG_WARN_OBJC_ROOT_CLASS = YES_ERROR;
				CLANG_WARN_RANGE_LOOP_ANALYSIS = YES;
				CLANG_WARN_STRICT_PROTOTYPES = YES;
				CLANG_WARN_SUSPICIOUS_MOVE = YES;
				CLANG_WARN_UNGUARDED_AVAILABILITY = YES_AGGRESSIVE;
				CLANG_WARN_UNREACHABLE_CODE = YES;
				CLANG_WARN__DUPLICATE_METHOD_MATCH = YES;
				CODE_SIGN_IDENTITY = "iPhone Developer";
				COPY_PHASE_STRIP = NO;
				DEBUG_INFORMATION_FORMAT = "dwarf-with-dsym";
				ENABLE_NS_ASSERTIONS = NO;
				ENABLE_STRICT_OBJC_MSGSEND = YES;
				GCC_C_LANGUAGE_STANDARD = gnu11;
				GCC_NO_COMMON_BLOCKS = YES;
				GCC_WARN_64_TO_32_BIT_CONVERSION = YES;
				GCC_WARN_ABOUT_RETURN_TYPE = YES_ERROR;
				GCC_WARN_UNDECLARED_SELECTOR = YES;
				GCC_WARN_UNINITIALIZED_AUTOS = YES_AGGRESSIVE;
				GCC_WARN_UNUSED_FUNCTION = YES;
				GCC_WARN_UNUSED_VARIABLE = YES;
				IPHONEOS_DEPLOYMENT_TARGET = 11.2;
				MTL_ENABLE_DEBUG_INFO = NO;
				SDKROOT = iphoneos;
				SWIFT_OPTIMIZATION_LEVEL = "-Owholemodule";
				VALIDATE_PRODUCT = YES;
			};
			name = Release;
		};
		F98083562020E98C00CB91C0 /* Debug */ = {
			isa = XCBuildConfiguration;
			baseConfigurationReference = 06CC7C2D71A73E804E5E1838 /* Pods-Parti.debug.xcconfig */;
			buildSettings = {
				ASSETCATALOG_COMPILER_APPICON_NAME = AppIcon;
				CODE_SIGN_ENTITLEMENTS = Parti/Parti.entitlements;
				"CODE_SIGN_IDENTITY[sdk=iphoneos*]" = "iPhone Developer";
				CODE_SIGN_STYLE = Automatic;
				DEVELOPMENT_TEAM = C7F665E2YD;
				FRAMEWORK_SEARCH_PATHS = (
					"$(inherited)",
					"$(PROJECT_DIR)",
				);
				HEADER_SEARCH_PATHS = (
					"$(inherited)",
					"${PODS_ROOT}/Firebase/Core/Sources",
					"$(inherited)",
					"\"${PODS_ROOT}/Headers/Public\"",
					"\"${PODS_ROOT}/Headers/Public/Firebase\"",
					"\"${PODS_ROOT}/Headers/Public/FirebaseAnalytics\"",
					"\"${PODS_ROOT}/Headers/Public/FirebaseAuth\"",
					"\"${PODS_ROOT}/Headers/Public/FirebaseCore\"",
					"\"${PODS_ROOT}/Headers/Public/FirebaseDatabase\"",
					"\"${PODS_ROOT}/Headers/Public/FirebaseInstanceID\"",
					"\"${PODS_ROOT}/Headers/Public/FirebaseStorage\"",
					"\"${PODS_ROOT}/Headers/Public/GoogleSignIn\"",
				);
				INFOPLIST_FILE = Parti/Info.plist;
				LD_RUNPATH_SEARCH_PATHS = "$(inherited) @executable_path/Frameworks";
				PRODUCT_BUNDLE_IDENTIFIER = com.UTApps.PartiApp;
				PRODUCT_NAME = "$(TARGET_NAME)";
				PROVISIONING_PROFILE = "";
				PROVISIONING_PROFILE_SPECIFIER = "";
				SWIFT_OBJC_BRIDGING_HEADER = "";
				SWIFT_VERSION = 4.0;
				TARGETED_DEVICE_FAMILY = "1,2";
			};
			name = Debug;
		};
		F98083572020E98C00CB91C0 /* Release */ = {
			isa = XCBuildConfiguration;
			baseConfigurationReference = A8B986416237F7F05208156B /* Pods-Parti.release.xcconfig */;
			buildSettings = {
				ASSETCATALOG_COMPILER_APPICON_NAME = AppIcon;
				CODE_SIGN_ENTITLEMENTS = Parti/Parti.entitlements;
				"CODE_SIGN_IDENTITY[sdk=iphoneos*]" = "iPhone Developer";
				CODE_SIGN_STYLE = Automatic;
				DEVELOPMENT_TEAM = C7F665E2YD;
				FRAMEWORK_SEARCH_PATHS = (
					"$(inherited)",
					"$(PROJECT_DIR)",
				);
				HEADER_SEARCH_PATHS = (
					"$(inherited)",
					"${PODS_ROOT}/Firebase/Core/Sources",
					"$(inherited)",
					"\"${PODS_ROOT}/Headers/Public\"",
					"\"${PODS_ROOT}/Headers/Public/Firebase\"",
					"\"${PODS_ROOT}/Headers/Public/FirebaseAnalytics\"",
					"\"${PODS_ROOT}/Headers/Public/FirebaseAuth\"",
					"\"${PODS_ROOT}/Headers/Public/FirebaseCore\"",
					"\"${PODS_ROOT}/Headers/Public/FirebaseDatabase\"",
					"\"${PODS_ROOT}/Headers/Public/FirebaseInstanceID\"",
					"\"${PODS_ROOT}/Headers/Public/FirebaseStorage\"",
					"\"${PODS_ROOT}/Headers/Public/GoogleSignIn\"",
				);
				INFOPLIST_FILE = Parti/Info.plist;
				LD_RUNPATH_SEARCH_PATHS = "$(inherited) @executable_path/Frameworks";
				PRODUCT_BUNDLE_IDENTIFIER = com.UTApps.PartiApp;
				PRODUCT_NAME = "$(TARGET_NAME)";
				PROVISIONING_PROFILE = "";
				PROVISIONING_PROFILE_SPECIFIER = "";
				SWIFT_OBJC_BRIDGING_HEADER = "";
				SWIFT_VERSION = 4.0;
				TARGETED_DEVICE_FAMILY = "1,2";
			};
			name = Release;
		};
		F98083592020E98C00CB91C0 /* Debug */ = {
			isa = XCBuildConfiguration;
			baseConfigurationReference = AD3F24396C751F1E6C4D8A77 /* Pods-PartiTests.debug.xcconfig */;
			buildSettings = {
				ALWAYS_EMBED_SWIFT_STANDARD_LIBRARIES = YES;
				BUNDLE_LOADER = "$(TEST_HOST)";
				CODE_SIGN_STYLE = Automatic;
				DEVELOPMENT_TEAM = RWK7TT7K5A;
				INFOPLIST_FILE = PartiTests/Info.plist;
				LD_RUNPATH_SEARCH_PATHS = "$(inherited) @executable_path/Frameworks @loader_path/Frameworks";
				PRODUCT_BUNDLE_IDENTIFIER = com.ArjunGopisetty.PartiTests;
				PRODUCT_NAME = "$(TARGET_NAME)";
				SWIFT_VERSION = 4.0;
				TARGETED_DEVICE_FAMILY = "1,2";
				TEST_HOST = "$(BUILT_PRODUCTS_DIR)/Parti.app/Parti";
			};
			name = Debug;
		};
		F980835A2020E98C00CB91C0 /* Release */ = {
			isa = XCBuildConfiguration;
			baseConfigurationReference = 5EF3DEFE9834BBE3B127C505 /* Pods-PartiTests.release.xcconfig */;
			buildSettings = {
				ALWAYS_EMBED_SWIFT_STANDARD_LIBRARIES = YES;
				BUNDLE_LOADER = "$(TEST_HOST)";
				CODE_SIGN_STYLE = Automatic;
				DEVELOPMENT_TEAM = RWK7TT7K5A;
				INFOPLIST_FILE = PartiTests/Info.plist;
				LD_RUNPATH_SEARCH_PATHS = "$(inherited) @executable_path/Frameworks @loader_path/Frameworks";
				PRODUCT_BUNDLE_IDENTIFIER = com.ArjunGopisetty.PartiTests;
				PRODUCT_NAME = "$(TARGET_NAME)";
				SWIFT_VERSION = 4.0;
				TARGETED_DEVICE_FAMILY = "1,2";
				TEST_HOST = "$(BUILT_PRODUCTS_DIR)/Parti.app/Parti";
			};
			name = Release;
		};
/* End XCBuildConfiguration section */

/* Begin XCConfigurationList section */
		F98083302020E98C00CB91C0 /* Build configuration list for PBXProject "Parti" */ = {
			isa = XCConfigurationList;
			buildConfigurations = (
				F98083532020E98C00CB91C0 /* Debug */,
				F98083542020E98C00CB91C0 /* Release */,
			);
			defaultConfigurationIsVisible = 0;
			defaultConfigurationName = Release;
		};
		F98083552020E98C00CB91C0 /* Build configuration list for PBXNativeTarget "Parti" */ = {
			isa = XCConfigurationList;
			buildConfigurations = (
				F98083562020E98C00CB91C0 /* Debug */,
				F98083572020E98C00CB91C0 /* Release */,
			);
			defaultConfigurationIsVisible = 0;
			defaultConfigurationName = Release;
		};
		F98083582020E98C00CB91C0 /* Build configuration list for PBXNativeTarget "PartiTests" */ = {
			isa = XCConfigurationList;
			buildConfigurations = (
				F98083592020E98C00CB91C0 /* Debug */,
				F980835A2020E98C00CB91C0 /* Release */,
			);
			defaultConfigurationIsVisible = 0;
			defaultConfigurationName = Release;
		};
/* End XCConfigurationList section */

/* Begin XCVersionGroup section */
		F980833F2020E98C00CB91C0 /* Parti.xcdatamodeld */ = {
			isa = XCVersionGroup;
			children = (
				F98083402020E98C00CB91C0 /* Parti.xcdatamodel */,
			);
			currentVersion = F98083402020E98C00CB91C0 /* Parti.xcdatamodel */;
			path = Parti.xcdatamodeld;
			sourceTree = "<group>";
			versionGroupType = wrapper.xcdatamodel;
		};
/* End XCVersionGroup section */
	};
	rootObject = F980832D2020E98C00CB91C0 /* Project object */;
}
